// !$*UTF8*$!
{
	archiveVersion = 1;
	classes = {
	};
	objectVersion = 56;
	objects = {

/* Begin PBXBuildFile section */
		0020E2802AE0733700741F94 /* GoogleService-Info.plist in Resources */ = {isa = PBXBuildFile; fileRef = 0020E27F2AE0733700741F94 /* GoogleService-Info.plist */; };
		0025794C2ADF311500C48A76 /* AppDelegate.swift in Sources */ = {isa = PBXBuildFile; fileRef = 0025794B2ADF311500C48A76 /* AppDelegate.swift */; };
		0025794E2ADF311500C48A76 /* SceneDelegate.swift in Sources */ = {isa = PBXBuildFile; fileRef = 0025794D2ADF311500C48A76 /* SceneDelegate.swift */; };
		002579502ADF311500C48A76 /* ViewController.swift in Sources */ = {isa = PBXBuildFile; fileRef = 0025794F2ADF311500C48A76 /* ViewController.swift */; };
		002579532ADF311500C48A76 /* Main.storyboard in Resources */ = {isa = PBXBuildFile; fileRef = 002579512ADF311500C48A76 /* Main.storyboard */; };
		002579552ADF311600C48A76 /* Assets.xcassets in Resources */ = {isa = PBXBuildFile; fileRef = 002579542ADF311600C48A76 /* Assets.xcassets */; };
		002579582ADF311600C48A76 /* LaunchScreen.storyboard in Resources */ = {isa = PBXBuildFile; fileRef = 002579562ADF311600C48A76 /* LaunchScreen.storyboard */; };
		00A0F1632B30CA63001CAB9D /* SDWebImage in Frameworks */ = {isa = PBXBuildFile; productRef = 00A0F1622B30CA63001CAB9D /* SDWebImage */; };
		00A0F1652B30CA63001CAB9D /* SDWebImageMapKit in Frameworks */ = {isa = PBXBuildFile; productRef = 00A0F1642B30CA63001CAB9D /* SDWebImageMapKit */; };
		00A0F1682B30CB42001CAB9D /* FirebaseAnalytics in Frameworks */ = {isa = PBXBuildFile; productRef = 00A0F1672B30CB42001CAB9D /* FirebaseAnalytics */; };
		00A0F16A2B30CB42001CAB9D /* FirebaseAnalyticsSwift in Frameworks */ = {isa = PBXBuildFile; productRef = 00A0F1692B30CB42001CAB9D /* FirebaseAnalyticsSwift */; };
		00A0F16C2B30CB42001CAB9D /* FirebaseAuth in Frameworks */ = {isa = PBXBuildFile; productRef = 00A0F16B2B30CB42001CAB9D /* FirebaseAuth */; };
		00A0F16E2B30CB42001CAB9D /* FirebaseDatabase in Frameworks */ = {isa = PBXBuildFile; productRef = 00A0F16D2B30CB42001CAB9D /* FirebaseDatabase */; };
		00A0F1702B30CB42001CAB9D /* FirebaseFirestore in Frameworks */ = {isa = PBXBuildFile; productRef = 00A0F16F2B30CB42001CAB9D /* FirebaseFirestore */; };
		00A0F1722B30CB42001CAB9D /* FirebaseRemoteConfig in Frameworks */ = {isa = PBXBuildFile; productRef = 00A0F1712B30CB42001CAB9D /* FirebaseRemoteConfig */; };
		00A0F1742B30CB42001CAB9D /* FirebaseStorage in Frameworks */ = {isa = PBXBuildFile; productRef = 00A0F1732B30CB42001CAB9D /* FirebaseStorage */; };
		00A0F1762B30CB42001CAB9D /* FirebaseStorageCombine-Community in Frameworks */ = {isa = PBXBuildFile; productRef = 00A0F1752B30CB42001CAB9D /* FirebaseStorageCombine-Community */; };
		00DD252A2ADF3AFE00E8DD3F /* FeedViewController.swift in Sources */ = {isa = PBXBuildFile; fileRef = 00DD25292ADF3AFE00E8DD3F /* FeedViewController.swift */; };
		00DD252C2ADF3B2D00E8DD3F /* UploadViewController.swift in Sources */ = {isa = PBXBuildFile; fileRef = 00DD252B2ADF3B2D00E8DD3F /* UploadViewController.swift */; };
		00DD252E2ADF3B3A00E8DD3F /* SettingsViewController.swift in Sources */ = {isa = PBXBuildFile; fileRef = 00DD252D2ADF3B3A00E8DD3F /* SettingsViewController.swift */; };
		00FF04882AE14E19005AF028 /* FeedCell.swift in Sources */ = {isa = PBXBuildFile; fileRef = 00FF04872AE14E19005AF028 /* FeedCell.swift */; };
/* End PBXBuildFile section */

/* Begin PBXFileReference section */
		0020E27F2AE0733700741F94 /* GoogleService-Info.plist */ = {isa = PBXFileReference; fileEncoding = 4; lastKnownFileType = text.plist.xml; path = "GoogleService-Info.plist"; sourceTree = "<group>"; };
		002579482ADF311500C48A76 /* InstagramCloneFirebase.app */ = {isa = PBXFileReference; explicitFileType = wrapper.application; includeInIndex = 0; path = InstagramCloneFirebase.app; sourceTree = BUILT_PRODUCTS_DIR; };
		0025794B2ADF311500C48A76 /* AppDelegate.swift */ = {isa = PBXFileReference; lastKnownFileType = sourcecode.swift; path = AppDelegate.swift; sourceTree = "<group>"; };
		0025794D2ADF311500C48A76 /* SceneDelegate.swift */ = {isa = PBXFileReference; lastKnownFileType = sourcecode.swift; path = SceneDelegate.swift; sourceTree = "<group>"; };
		0025794F2ADF311500C48A76 /* ViewController.swift */ = {isa = PBXFileReference; lastKnownFileType = sourcecode.swift; path = ViewController.swift; sourceTree = "<group>"; };
		002579522ADF311500C48A76 /* Base */ = {isa = PBXFileReference; lastKnownFileType = file.storyboard; name = Base; path = Base.lproj/Main.storyboard; sourceTree = "<group>"; };
		002579542ADF311600C48A76 /* Assets.xcassets */ = {isa = PBXFileReference; lastKnownFileType = folder.assetcatalog; path = Assets.xcassets; sourceTree = "<group>"; };
		002579572ADF311600C48A76 /* Base */ = {isa = PBXFileReference; lastKnownFileType = file.storyboard; name = Base; path = Base.lproj/LaunchScreen.storyboard; sourceTree = "<group>"; };
		002579592ADF311600C48A76 /* Info.plist */ = {isa = PBXFileReference; lastKnownFileType = text.plist.xml; path = Info.plist; sourceTree = "<group>"; };
		00DD25292ADF3AFE00E8DD3F /* FeedViewController.swift */ = {isa = PBXFileReference; lastKnownFileType = sourcecode.swift; path = FeedViewController.swift; sourceTree = "<group>"; };
		00DD252B2ADF3B2D00E8DD3F /* UploadViewController.swift */ = {isa = PBXFileReference; lastKnownFileType = sourcecode.swift; path = UploadViewController.swift; sourceTree = "<group>"; };
		00DD252D2ADF3B3A00E8DD3F /* SettingsViewController.swift */ = {isa = PBXFileReference; lastKnownFileType = sourcecode.swift; path = SettingsViewController.swift; sourceTree = "<group>"; };
		00FF04872AE14E19005AF028 /* FeedCell.swift */ = {isa = PBXFileReference; lastKnownFileType = sourcecode.swift; path = FeedCell.swift; sourceTree = "<group>"; };
/* End PBXFileReference section */

/* Begin PBXFrameworksBuildPhase section */
		002579452ADF311500C48A76 /* Frameworks */ = {
			isa = PBXFrameworksBuildPhase;
			buildActionMask = 2147483647;
			files = (
				00A0F16E2B30CB42001CAB9D /* FirebaseDatabase in Frameworks */,
				00A0F16A2B30CB42001CAB9D /* FirebaseAnalyticsSwift in Frameworks */,
				00A0F1762B30CB42001CAB9D /* FirebaseStorageCombine-Community in Frameworks */,
				00A0F1742B30CB42001CAB9D /* FirebaseStorage in Frameworks */,
				00A0F16C2B30CB42001CAB9D /* FirebaseAuth in Frameworks */,
				00A0F1652B30CA63001CAB9D /* SDWebImageMapKit in Frameworks */,
				00A0F1632B30CA63001CAB9D /* SDWebImage in Frameworks */,
				00A0F1682B30CB42001CAB9D /* FirebaseAnalytics in Frameworks */,
				00A0F1702B30CB42001CAB9D /* FirebaseFirestore in Frameworks */,
				00A0F1722B30CB42001CAB9D /* FirebaseRemoteConfig in Frameworks */,
			);
			runOnlyForDeploymentPostprocessing = 0;
		};
/* End PBXFrameworksBuildPhase section */

/* Begin PBXGroup section */
		0025793F2ADF311500C48A76 = {
			isa = PBXGroup;
			children = (
				0025794A2ADF311500C48A76 /* InstagramCloneFirebase */,
				002579492ADF311500C48A76 /* Products */,
				0025796C2ADF33EC00C48A76 /* Frameworks */,
			);
			sourceTree = "<group>";
		};
		002579492ADF311500C48A76 /* Products */ = {
			isa = PBXGroup;
			children = (
				002579482ADF311500C48A76 /* InstagramCloneFirebase.app */,
			);
			name = Products;
			sourceTree = "<group>";
		};
		0025794A2ADF311500C48A76 /* InstagramCloneFirebase */ = {
			isa = PBXGroup;
			children = (
				0025794B2ADF311500C48A76 /* AppDelegate.swift */,
				0025794D2ADF311500C48A76 /* SceneDelegate.swift */,
				00A0F1602B30C9C9001CAB9D /* View */,
				00A0F15F2B30C9B7001CAB9D /* Controller */,
				00FF04872AE14E19005AF028 /* FeedCell.swift */,
				002579542ADF311600C48A76 /* Assets.xcassets */,
				002579562ADF311600C48A76 /* LaunchScreen.storyboard */,
				002579592ADF311600C48A76 /* Info.plist */,
				0020E27F2AE0733700741F94 /* GoogleService-Info.plist */,
			);
			path = InstagramCloneFirebase;
			sourceTree = "<group>";
		};
		0025796C2ADF33EC00C48A76 /* Frameworks */ = {
			isa = PBXGroup;
			children = (
			);
			name = Frameworks;
			sourceTree = "<group>";
		};
		00A0F15F2B30C9B7001CAB9D /* Controller */ = {
			isa = PBXGroup;
			children = (
				0025794F2ADF311500C48A76 /* ViewController.swift */,
				00DD25292ADF3AFE00E8DD3F /* FeedViewController.swift */,
				00DD252B2ADF3B2D00E8DD3F /* UploadViewController.swift */,
				00DD252D2ADF3B3A00E8DD3F /* SettingsViewController.swift */,
			);
			path = Controller;
			sourceTree = "<group>";
		};
		00A0F1602B30C9C9001CAB9D /* View */ = {
			isa = PBXGroup;
			children = (
				002579512ADF311500C48A76 /* Main.storyboard */,
			);
			path = View;
			sourceTree = "<group>";
		};
/* End PBXGroup section */

/* Begin PBXNativeTarget section */
		002579472ADF311500C48A76 /* InstagramCloneFirebase */ = {
			isa = PBXNativeTarget;
			buildConfigurationList = 0025795C2ADF311600C48A76 /* Build configuration list for PBXNativeTarget "InstagramCloneFirebase" */;
			buildPhases = (
				002579442ADF311500C48A76 /* Sources */,
				002579452ADF311500C48A76 /* Frameworks */,
				002579462ADF311500C48A76 /* Resources */,
			);
			buildRules = (
			);
			dependencies = (
			);
			name = InstagramCloneFirebase;
			packageProductDependencies = (
				00A0F1622B30CA63001CAB9D /* SDWebImage */,
				00A0F1642B30CA63001CAB9D /* SDWebImageMapKit */,
				00A0F1672B30CB42001CAB9D /* FirebaseAnalytics */,
				00A0F1692B30CB42001CAB9D /* FirebaseAnalyticsSwift */,
				00A0F16B2B30CB42001CAB9D /* FirebaseAuth */,
				00A0F16D2B30CB42001CAB9D /* FirebaseDatabase */,
				00A0F16F2B30CB42001CAB9D /* FirebaseFirestore */,
				00A0F1712B30CB42001CAB9D /* FirebaseRemoteConfig */,
				00A0F1732B30CB42001CAB9D /* FirebaseStorage */,
				00A0F1752B30CB42001CAB9D /* FirebaseStorageCombine-Community */,
			);
			productName = InstagramCloneFirebase;
			productReference = 002579482ADF311500C48A76 /* InstagramCloneFirebase.app */;
			productType = "com.apple.product-type.application";
		};
/* End PBXNativeTarget section */

/* Begin PBXProject section */
		002579402ADF311500C48A76 /* Project object */ = {
			isa = PBXProject;
			attributes = {
				BuildIndependentTargetsInParallel = 1;
				LastSwiftUpdateCheck = 1500;
				LastUpgradeCheck = 1500;
				TargetAttributes = {
					002579472ADF311500C48A76 = {
						CreatedOnToolsVersion = 15.0;
					};
				};
			};
			buildConfigurationList = 002579432ADF311500C48A76 /* Build configuration list for PBXProject "InstagramCloneFirebase" */;
			compatibilityVersion = "Xcode 14.0";
			developmentRegion = en;
			hasScannedForEncodings = 0;
			knownRegions = (
				en,
				Base,
			);
			mainGroup = 0025793F2ADF311500C48A76;
			packageReferences = (
				00A0F1612B30CA63001CAB9D /* XCRemoteSwiftPackageReference "SDWebImage" */,
				00A0F1662B30CB42001CAB9D /* XCRemoteSwiftPackageReference "firebase-ios-sdk" */,
			);
			productRefGroup = 002579492ADF311500C48A76 /* Products */;
			projectDirPath = "";
			projectRoot = "";
			targets = (
				002579472ADF311500C48A76 /* InstagramCloneFirebase */,
			);
		};
/* End PBXProject section */

/* Begin PBXResourcesBuildPhase section */
		002579462ADF311500C48A76 /* Resources */ = {
			isa = PBXResourcesBuildPhase;
			buildActionMask = 2147483647;
			files = (
				002579582ADF311600C48A76 /* LaunchScreen.storyboard in Resources */,
				0020E2802AE0733700741F94 /* GoogleService-Info.plist in Resources */,
				002579552ADF311600C48A76 /* Assets.xcassets in Resources */,
				002579532ADF311500C48A76 /* Main.storyboard in Resources */,
			);
			runOnlyForDeploymentPostprocessing = 0;
		};
/* End PBXResourcesBuildPhase section */

/* Begin PBXSourcesBuildPhase section */
		002579442ADF311500C48A76 /* Sources */ = {
			isa = PBXSourcesBuildPhase;
			buildActionMask = 2147483647;
			files = (
				00FF04882AE14E19005AF028 /* FeedCell.swift in Sources */,
				002579502ADF311500C48A76 /* ViewController.swift in Sources */,
				00DD252C2ADF3B2D00E8DD3F /* UploadViewController.swift in Sources */,
				0025794C2ADF311500C48A76 /* AppDelegate.swift in Sources */,
				00DD252A2ADF3AFE00E8DD3F /* FeedViewController.swift in Sources */,
				0025794E2ADF311500C48A76 /* SceneDelegate.swift in Sources */,
				00DD252E2ADF3B3A00E8DD3F /* SettingsViewController.swift in Sources */,
			);
			runOnlyForDeploymentPostprocessing = 0;
		};
/* End PBXSourcesBuildPhase section */

/* Begin PBXVariantGroup section */
		002579512ADF311500C48A76 /* Main.storyboard */ = {
			isa = PBXVariantGroup;
			children = (
				002579522ADF311500C48A76 /* Base */,
			);
			name = Main.storyboard;
			sourceTree = "<group>";
		};
		002579562ADF311600C48A76 /* LaunchScreen.storyboard */ = {
			isa = PBXVariantGroup;
			children = (
				002579572ADF311600C48A76 /* Base */,
			);
			name = LaunchScreen.storyboard;
			sourceTree = "<group>";
		};
/* End PBXVariantGroup section */

/* Begin XCBuildConfiguration section */
		0025795A2ADF311600C48A76 /* Debug */ = {
			isa = XCBuildConfiguration;
			buildSettings = {
				ALWAYS_SEARCH_USER_PATHS = NO;
				ASSETCATALOG_COMPILER_GENERATE_SWIFT_ASSET_SYMBOL_EXTENSIONS = YES;
				CLANG_ANALYZER_NONNULL = YES;
				CLANG_ANALYZER_NUMBER_OBJECT_CONVERSION = YES_AGGRESSIVE;
				CLANG_CXX_LANGUAGE_STANDARD = "gnu++20";
				CLANG_ENABLE_MODULES = YES;
				CLANG_ENABLE_OBJC_ARC = YES;
				CLANG_ENABLE_OBJC_WEAK = YES;
				CLANG_WARN_BLOCK_CAPTURE_AUTORELEASING = YES;
				CLANG_WARN_BOOL_CONVERSION = YES;
				CLANG_WARN_COMMA = YES;
				CLANG_WARN_CONSTANT_CONVERSION = YES;
				CLANG_WARN_DEPRECATED_OBJC_IMPLEMENTATIONS = YES;
				CLANG_WARN_DIRECT_OBJC_ISA_USAGE = YES_ERROR;
				CLANG_WARN_DOCUMENTATION_COMMENTS = YES;
				CLANG_WARN_EMPTY_BODY = YES;
				CLANG_WARN_ENUM_CONVERSION = YES;
				CLANG_WARN_INFINITE_RECURSION = YES;
				CLANG_WARN_INT_CONVERSION = YES;
				CLANG_WARN_NON_LITERAL_NULL_CONVERSION = YES;
				CLANG_WARN_OBJC_IMPLICIT_RETAIN_SELF = YES;
				CLANG_WARN_OBJC_LITERAL_CONVERSION = YES;
				CLANG_WARN_OBJC_ROOT_CLASS = YES_ERROR;
				CLANG_WARN_QUOTED_INCLUDE_IN_FRAMEWORK_HEADER = YES;
				CLANG_WARN_RANGE_LOOP_ANALYSIS = YES;
				CLANG_WARN_STRICT_PROTOTYPES = YES;
				CLANG_WARN_SUSPICIOUS_MOVE = YES;
				CLANG_WARN_UNGUARDED_AVAILABILITY = YES_AGGRESSIVE;
				CLANG_WARN_UNREACHABLE_CODE = YES;
				CLANG_WARN__DUPLICATE_METHOD_MATCH = YES;
				COPY_PHASE_STRIP = NO;
				DEBUG_INFORMATION_FORMAT = dwarf;
				ENABLE_STRICT_OBJC_MSGSEND = YES;
				ENABLE_TESTABILITY = YES;
				ENABLE_USER_SCRIPT_SANDBOXING = YES;
				GCC_C_LANGUAGE_STANDARD = gnu17;
				GCC_DYNAMIC_NO_PIC = NO;
				GCC_NO_COMMON_BLOCKS = YES;
				GCC_OPTIMIZATION_LEVEL = 0;
				GCC_PREPROCESSOR_DEFINITIONS = (
					"DEBUG=1",
					"$(inherited)",
				);
				GCC_WARN_64_TO_32_BIT_CONVERSION = YES;
				GCC_WARN_ABOUT_RETURN_TYPE = YES_ERROR;
				GCC_WARN_UNDECLARED_SELECTOR = YES;
				GCC_WARN_UNINITIALIZED_AUTOS = YES_AGGRESSIVE;
				GCC_WARN_UNUSED_FUNCTION = YES;
				GCC_WARN_UNUSED_VARIABLE = YES;
				IPHONEOS_DEPLOYMENT_TARGET = 17.0;
				LOCALIZATION_PREFERS_STRING_CATALOGS = YES;
				MTL_ENABLE_DEBUG_INFO = INCLUDE_SOURCE;
				MTL_FAST_MATH = YES;
				ONLY_ACTIVE_ARCH = YES;
				SDKROOT = iphoneos;
				SWIFT_ACTIVE_COMPILATION_CONDITIONS = "DEBUG $(inherited)";
				SWIFT_OPTIMIZATION_LEVEL = "-Onone";
			};
			name = Debug;
		};
		0025795B2ADF311600C48A76 /* Release */ = {
			isa = XCBuildConfiguration;
			buildSettings = {
				ALWAYS_SEARCH_USER_PATHS = NO;
				ASSETCATALOG_COMPILER_GENERATE_SWIFT_ASSET_SYMBOL_EXTENSIONS = YES;
				CLANG_ANALYZER_NONNULL = YES;
				CLANG_ANALYZER_NUMBER_OBJECT_CONVERSION = YES_AGGRESSIVE;
				CLANG_CXX_LANGUAGE_STANDARD = "gnu++20";
				CLANG_ENABLE_MODULES = YES;
				CLANG_ENABLE_OBJC_ARC = YES;
				CLANG_ENABLE_OBJC_WEAK = YES;
				CLANG_WARN_BLOCK_CAPTURE_AUTORELEASING = YES;
				CLANG_WARN_BOOL_CONVERSION = YES;
				CLANG_WARN_COMMA = YES;
				CLANG_WARN_CONSTANT_CONVERSION = YES;
				CLANG_WARN_DEPRECATED_OBJC_IMPLEMENTATIONS = YES;
				CLANG_WARN_DIRECT_OBJC_ISA_USAGE = YES_ERROR;
				CLANG_WARN_DOCUMENTATION_COMMENTS = YES;
				CLANG_WARN_EMPTY_BODY = YES;
				CLANG_WARN_ENUM_CONVERSION = YES;
				CLANG_WARN_INFINITE_RECURSION = YES;
				CLANG_WARN_INT_CONVERSION = YES;
				CLANG_WARN_NON_LITERAL_NULL_CONVERSION = YES;
				CLANG_WARN_OBJC_IMPLICIT_RETAIN_SELF = YES;
				CLANG_WARN_OBJC_LITERAL_CONVERSION = YES;
				CLANG_WARN_OBJC_ROOT_CLASS = YES_ERROR;
				CLANG_WARN_QUOTED_INCLUDE_IN_FRAMEWORK_HEADER = YES;
				CLANG_WARN_RANGE_LOOP_ANALYSIS = YES;
				CLANG_WARN_STRICT_PROTOTYPES = YES;
				CLANG_WARN_SUSPICIOUS_MOVE = YES;
				CLANG_WARN_UNGUARDED_AVAILABILITY = YES_AGGRESSIVE;
				CLANG_WARN_UNREACHABLE_CODE = YES;
				CLANG_WARN__DUPLICATE_METHOD_MATCH = YES;
				COPY_PHASE_STRIP = NO;
				DEBUG_INFORMATION_FORMAT = "dwarf-with-dsym";
				ENABLE_NS_ASSERTIONS = NO;
				ENABLE_STRICT_OBJC_MSGSEND = YES;
				ENABLE_USER_SCRIPT_SANDBOXING = YES;
				GCC_C_LANGUAGE_STANDARD = gnu17;
				GCC_NO_COMMON_BLOCKS = YES;
				GCC_WARN_64_TO_32_BIT_CONVERSION = YES;
				GCC_WARN_ABOUT_RETURN_TYPE = YES_ERROR;
				GCC_WARN_UNDECLARED_SELECTOR = YES;
				GCC_WARN_UNINITIALIZED_AUTOS = YES_AGGRESSIVE;
				GCC_WARN_UNUSED_FUNCTION = YES;
				GCC_WARN_UNUSED_VARIABLE = YES;
				IPHONEOS_DEPLOYMENT_TARGET = 17.0;
				LOCALIZATION_PREFERS_STRING_CATALOGS = YES;
				MTL_ENABLE_DEBUG_INFO = NO;
				MTL_FAST_MATH = YES;
				SDKROOT = iphoneos;
				SWIFT_COMPILATION_MODE = wholemodule;
				VALIDATE_PRODUCT = YES;
			};
			name = Release;
		};
		0025795D2ADF311600C48A76 /* Debug */ = {
			isa = XCBuildConfiguration;
			buildSettings = {
				ASSETCATALOG_COMPILER_APPICON_NAME = AppIcon;
				ASSETCATALOG_COMPILER_GLOBAL_ACCENT_COLOR_NAME = AccentColor;
				CODE_SIGN_STYLE = Automatic;
				CURRENT_PROJECT_VERSION = 1;
				DEVELOPMENT_TEAM = N7MQGS7MJR;
				GENERATE_INFOPLIST_FILE = YES;
				INFOPLIST_FILE = InstagramCloneFirebase/Info.plist;
				INFOPLIST_KEY_UIApplicationSupportsIndirectInputEvents = YES;
				INFOPLIST_KEY_UILaunchStoryboardName = LaunchScreen;
				INFOPLIST_KEY_UIMainStoryboardFile = Main;
				INFOPLIST_KEY_UISupportedInterfaceOrientations_iPad = "UIInterfaceOrientationPortrait UIInterfaceOrientationPortraitUpsideDown UIInterfaceOrientationLandscapeLeft UIInterfaceOrientationLandscapeRight";
				INFOPLIST_KEY_UISupportedInterfaceOrientations_iPhone = "UIInterfaceOrientationPortrait UIInterfaceOrientationLandscapeLeft UIInterfaceOrientationLandscapeRight";
				LD_RUNPATH_SEARCH_PATHS = (
					"$(inherited)",
					"@executable_path/Frameworks",
				);
				MARKETING_VERSION = 1.0;
				PRODUCT_BUNDLE_IDENTIFIER = com.beste.InstagramCloneFirebase;
				PRODUCT_NAME = "$(TARGET_NAME)";
				SWIFT_EMIT_LOC_STRINGS = YES;
				SWIFT_VERSION = 5.0;
				TARGETED_DEVICE_FAMILY = "1,2";
			};
			name = Debug;
		};
		0025795E2ADF311600C48A76 /* Release */ = {
			isa = XCBuildConfiguration;
			buildSettings = {
				ASSETCATALOG_COMPILER_APPICON_NAME = AppIcon;
				ASSETCATALOG_COMPILER_GLOBAL_ACCENT_COLOR_NAME = AccentColor;
				CODE_SIGN_STYLE = Automatic;
				CURRENT_PROJECT_VERSION = 1;
				DEVELOPMENT_TEAM = N7MQGS7MJR;
				GENERATE_INFOPLIST_FILE = YES;
				INFOPLIST_FILE = InstagramCloneFirebase/Info.plist;
				INFOPLIST_KEY_UIApplicationSupportsIndirectInputEvents = YES;
				INFOPLIST_KEY_UILaunchStoryboardName = LaunchScreen;
				INFOPLIST_KEY_UIMainStoryboardFile = Main;
				INFOPLIST_KEY_UISupportedInterfaceOrientations_iPad = "UIInterfaceOrientationPortrait UIInterfaceOrientationPortraitUpsideDown UIInterfaceOrientationLandscapeLeft UIInterfaceOrientationLandscapeRight";
				INFOPLIST_KEY_UISupportedInterfaceOrientations_iPhone = "UIInterfaceOrientationPortrait UIInterfaceOrientationLandscapeLeft UIInterfaceOrientationLandscapeRight";
				LD_RUNPATH_SEARCH_PATHS = (
					"$(inherited)",
					"@executable_path/Frameworks",
				);
				MARKETING_VERSION = 1.0;
				PRODUCT_BUNDLE_IDENTIFIER = com.beste.InstagramCloneFirebase;
				PRODUCT_NAME = "$(TARGET_NAME)";
				SWIFT_EMIT_LOC_STRINGS = YES;
				SWIFT_VERSION = 5.0;
				TARGETED_DEVICE_FAMILY = "1,2";
			};
			name = Release;
		};
/* End XCBuildConfiguration section */

/* Begin XCConfigurationList section */
		002579432ADF311500C48A76 /* Build configuration list for PBXProject "InstagramCloneFirebase" */ = {
			isa = XCConfigurationList;
			buildConfigurations = (
				0025795A2ADF311600C48A76 /* Debug */,
				0025795B2ADF311600C48A76 /* Release */,
			);
			defaultConfigurationIsVisible = 0;
			defaultConfigurationName = Release;
		};
		0025795C2ADF311600C48A76 /* Build configuration list for PBXNativeTarget "InstagramCloneFirebase" */ = {
			isa = XCConfigurationList;
			buildConfigurations = (
				0025795D2ADF311600C48A76 /* Debug */,
				0025795E2ADF311600C48A76 /* Release */,
			);
			defaultConfigurationIsVisible = 0;
			defaultConfigurationName = Release;
		};
/* End XCConfigurationList section */

/* Begin XCRemoteSwiftPackageReference section */
		00A0F1612B30CA63001CAB9D /* XCRemoteSwiftPackageReference "SDWebImage" */ = {
			isa = XCRemoteSwiftPackageReference;
			repositoryURL = "https://github.com/SDWebImage/SDWebImage";
			requirement = {
				kind = upToNextMajorVersion;
				minimumVersion = 5.18.7;
			};
		};
		00A0F1662B30CB42001CAB9D /* XCRemoteSwiftPackageReference "firebase-ios-sdk" */ = {
			isa = XCRemoteSwiftPackageReference;
			repositoryURL = "https://github.com/firebase/firebase-ios-sdk";
			requirement = {
				kind = upToNextMajorVersion;
				minimumVersion = 10.19.1;
			};
		};
/* End XCRemoteSwiftPackageReference section */

/* Begin XCSwiftPackageProductDependency section */
		00A0F1622B30CA63001CAB9D /* SDWebImage */ = {
			isa = XCSwiftPackageProductDependency;
			package = 00A0F1612B30CA63001CAB9D /* XCRemoteSwiftPackageReference "SDWebImage" */;
			productName = SDWebImage;
		};
		00A0F1642B30CA63001CAB9D /* SDWebImageMapKit */ = {
			isa = XCSwiftPackageProductDependency;
			package = 00A0F1612B30CA63001CAB9D /* XCRemoteSwiftPackageReference "SDWebImage" */;
			productName = SDWebImageMapKit;
		};
		00A0F1672B30CB42001CAB9D /* FirebaseAnalytics */ = {
			isa = XCSwiftPackageProductDependency;
			package = 00A0F1662B30CB42001CAB9D /* XCRemoteSwiftPackageReference "firebase-ios-sdk" */;
			productName = FirebaseAnalytics;
		};
		00A0F1692B30CB42001CAB9D /* FirebaseAnalyticsSwift */ = {
			isa = XCSwiftPackageProductDependency;
			package = 00A0F1662B30CB42001CAB9D /* XCRemoteSwiftPackageReference "firebase-ios-sdk" */;
			productName = FirebaseAnalyticsSwift;
		};
		00A0F16B2B30CB42001CAB9D /* FirebaseAuth */ = {
			isa = XCSwiftPackageProductDependency;
			package = 00A0F1662B30CB42001CAB9D /* XCRemoteSwiftPackageReference "firebase-ios-sdk" */;
			productName = FirebaseAuth;
		};
		00A0F16D2B30CB42001CAB9D /* FirebaseDatabase */ = {
			isa = XCSwiftPackageProductDependency;
			package = 00A0F1662B30CB42001CAB9D /* XCRemoteSwiftPackageReference "firebase-ios-sdk" */;
			productName = FirebaseDatabase;
		};
		00A0F16F2B30CB42001CAB9D /* FirebaseFirestore */ = {
			isa = XCSwiftPackageProductDependency;
			package = 00A0F1662B30CB42001CAB9D /* XCRemoteSwiftPackageReference "firebase-ios-sdk" */;
			productName = FirebaseFirestore;
		};
		00A0F1712B30CB42001CAB9D /* FirebaseRemoteConfig */ = {
			isa = XCSwiftPackageProductDependency;
			package = 00A0F1662B30CB42001CAB9D /* XCRemoteSwiftPackageReference "firebase-ios-sdk" */;
			productName = FirebaseRemoteConfig;
		};
		00A0F1732B30CB42001CAB9D /* FirebaseStorage */ = {
			isa = XCSwiftPackageProductDependency;
			package = 00A0F1662B30CB42001CAB9D /* XCRemoteSwiftPackageReference "firebase-ios-sdk" */;
			productName = FirebaseStorage;
		};
		00A0F1752B30CB42001CAB9D /* FirebaseStorageCombine-Community */ = {
			isa = XCSwiftPackageProductDependency;
			package = 00A0F1662B30CB42001CAB9D /* XCRemoteSwiftPackageReference "firebase-ios-sdk" */;
			productName = "FirebaseStorageCombine-Community";
		};
/* End XCSwiftPackageProductDependency section */
	};
	rootObject = 002579402ADF311500C48A76 /* Project object */;
}
